
Microsoft Visual Studio Solution File, Format Version 12.00
# Visual Studio 2017
Project("{FAE04EC0-301F-11D3-BF4B-00C04F79EFBC}") = "Ygo_Deck_Helper_Cli", "Ygo_Deck_Helper_Cli.csproj", "{7CF18F59-CDE8-46F2-BB71-D07AA97E57F3}"
EndProject
Global
	GlobalSection(SolutionConfigurationPlatforms) = preSolution
		Debug|Any CPU = Debug|Any CPU
		Release|Any CPU = Release|Any CPU
	EndGlobalSection
	GlobalSection(ProjectConfigurationPlatforms) = postSolution
		{7CF18F59-CDE8-46F2-BB71-D07AA97E57F3}.Debug|Any CPU.ActiveCfg = Debug|Any CPU
		{7CF18F59-CDE8-46F2-BB71-D07AA97E57F3}.Debug|Any CPU.Build.0 = Debug|Any CPU
		{7CF18F59-CDE8-46F2-BB71-D07AA97E57F3}.Release|Any CPU.ActiveCfg = Release|Any CPU
		{7CF18F59-CDE8-46F2-BB71-D07AA97E57F3}.Release|Any CPU.Build.0 = Release|Any CPU
	EndGlobalSection
EndGlobal
